# THIS IS AN AUTOGENERATED FILE. DO NOT EDIT THIS FILE DIRECTLY.
# yarn lockfile v1


"@react-native-community/async-storage@^1.8.1":
  version "1.8.1"
  resolved "https://registry.yarnpkg.com/@react-native-community/async-storage/-/async-storage-1.8.1.tgz#c93e69dcf948667b207e409b8039b7edf199159b"
  integrity sha512-MA1fTp4SB7OOtDmNAwds6jIpiwwty1NIoFboWjEWkoyWW35zIuxlhHxD4joSy21aWEzUVwvv6JJ2hSsP/HTb7A==
